
Microsoft Visual Studio Solution File, Format Version 12.00
# Visual Studio Version 16
VisualStudioVersion = 16.0.31005.135
MinimumVisualStudioVersion = 10.0.40219.1
Project("{FAE04EC0-301F-11D3-BF4B-00C04F79EFBC}") = "Sefd.Phonebook.WebApi", "Sefd.Phonebook.WebApi\Sefd.Phonebook.WebApi.csproj", "{9CE6A593-4F52-4FCC-BC31-1752FE37A12B}"
EndProject
Global
	GlobalSection(SolutionConfigurationPlatforms) = preSolution
		Debug|Any CPU = Debug|Any CPU
		Release|Any CPU = Release|Any CPU
	EndGlobalSection
	GlobalSection(ProjectConfigurationPlatforms) = postSolution
		{9CE6A593-4F52-4FCC-BC31-1752FE37A12B}.Debug|Any CPU.ActiveCfg = Debug|Any CPU
		{9CE6A593-4F52-4FCC-BC31-1752FE37A12B}.Debug|Any CPU.Build.0 = Debug|Any CPU
		{9CE6A593-4F52-4FCC-BC31-1752FE37A12B}.Release|Any CPU.ActiveCfg = Release|Any CPU
		{9CE6A593-4F52-4FCC-BC31-1752FE37A12B}.Release|Any CPU.Build.0 = Release|Any CPU
	EndGlobalSection
	GlobalSection(SolutionProperties) = preSolution
		HideSolutionNode = FALSE
	EndGlobalSection
	GlobalSection(ExtensibilityGlobals) = postSolution
		SolutionGuid = {1A98BED9-59F0-418A-B36F-22A68A76EA9C}
	EndGlobalSection
EndGlobal
